
Microsoft Visual Studio Solution File, Format Version 12.00
# Visual Studio Version 17
VisualStudioVersion = 17.4.33122.133
MinimumVisualStudioVersion = 10.0.40219.1
Project("{C7167F0D-BC9F-4E6E-AFE1-012C56B48DB5}") = "VRChatPictureTagger (Package)", "VRChatPictureTagger\VRChatPictureTagger (Package)\VRChatPictureTagger (Package).wapproj", "{50C3CEFC-C060-4A64-BA76-3C17CBED395D}"
EndProject
Project("{9A19103F-16F7-4668-BE54-9A1E7A4F7556}") = "VRChatPictureTagger", "VRChatPictureTagger\VRChatPictureTagger\VRChatPictureTagger.csproj", "{9AC8FC6B-55AD-40B3-BB08-A3C913D09BB0}"
EndProject
Project("{9A19103F-16F7-4668-BE54-9A1E7A4F7556}") = "VRChatPictureTagger.Views", "VRChatPictureTagger.Views\VRChatPictureTagger.Views.csproj", "{9758D335-1A5F-447F-9486-CF1FEBE20AB9}"
EndProject
Project("{9A19103F-16F7-4668-BE54-9A1E7A4F7556}") = "VRChatPictureTagger.Models", "VRChatPictureTagger.Models\VRChatPictureTagger.Models.csproj", "{020ADC2C-01B4-42E6-9332-72190B7E7BC8}"
EndProject
Project("{9A19103F-16F7-4668-BE54-9A1E7A4F7556}") = "VRChatPictureTagger.ViewModels", "VRChatPictureTagger.ViewModels\VRChatPictureTagger.ViewModels.csproj", "{45319792-B6A0-4986-9804-1AAC1D71EB9C}"
EndProject
Project("{9A19103F-16F7-4668-BE54-9A1E7A4F7556}") = "VRChatPictureTagger.Services", "VRChatPictureTagger.Services\VRChatPictureTagger.Services.csproj", "{1A6EDFA6-1D4B-43DA-9884-09C3EA859D5C}"
EndProject
Project("{9A19103F-16F7-4668-BE54-9A1E7A4F7556}") = "VRChatPictureTagger.Interfaces", "VRChatPictureTagger.Interfaces\VRChatPictureTagger.Interfaces.csproj", "{7C4FD036-2209-4DDD-9BCD-03729D26E838}"
EndProject
Project("{9A19103F-16F7-4668-BE54-9A1E7A4F7556}") = "VRChatPictureTagger.DbContexts", "VRChatPictureTagger.DbContexts\VRChatPictureTagger.DbContexts.csproj", "{76CCC175-3A81-4286-B204-FB1D9DC033FF}"
EndProject
Project("{2150E333-8FDC-42A3-9474-1A3956D46DE8}") = "Solution Items", "Solution Items", "{70FE4EA6-8533-4FF0-AD71-09B7024987D8}"
	ProjectSection(SolutionItems) = preProject
		.editorconfig = .editorconfig
		README.md = README.md
	EndProjectSection
EndProject
Project("{9A19103F-16F7-4668-BE54-9A1E7A4F7556}") = "VRChatPictureTagger.Core", "VRChatPictureTagger.Core\VRChatPictureTagger.Core.csproj", "{BFD4DF86-6E05-4D0C-B91B-96142D5B9F3E}"
EndProject
Global
	GlobalSection(SolutionConfigurationPlatforms) = preSolution
		Debug|Any CPU = Debug|Any CPU
		Debug|ARM64 = Debug|ARM64
		Debug|x64 = Debug|x64
		Debug|x86 = Debug|x86
		Release|Any CPU = Release|Any CPU
		Release|ARM64 = Release|ARM64
		Release|x64 = Release|x64
		Release|x86 = Release|x86
	EndGlobalSection
	GlobalSection(ProjectConfigurationPlatforms) = postSolution
		{50C3CEFC-C060-4A64-BA76-3C17CBED395D}.Debug|Any CPU.ActiveCfg = Debug|x64
		{50C3CEFC-C060-4A64-BA76-3C17CBED395D}.Debug|Any CPU.Build.0 = Debug|x64
		{50C3CEFC-C060-4A64-BA76-3C17CBED395D}.Debug|Any CPU.Deploy.0 = Debug|x64
		{50C3CEFC-C060-4A64-BA76-3C17CBED395D}.Debug|ARM64.ActiveCfg = Debug|ARM64
		{50C3CEFC-C060-4A64-BA76-3C17CBED395D}.Debug|ARM64.Build.0 = Debug|ARM64
		{50C3CEFC-C060-4A64-BA76-3C17CBED395D}.Debug|ARM64.Deploy.0 = Debug|ARM64
		{50C3CEFC-C060-4A64-BA76-3C17CBED395D}.Debug|x64.ActiveCfg = Debug|x64
		{50C3CEFC-C060-4A64-BA76-3C17CBED395D}.Debug|x64.Build.0 = Debug|x64
		{50C3CEFC-C060-4A64-BA76-3C17CBED395D}.Debug|x64.Deploy.0 = Debug|x64
		{50C3CEFC-C060-4A64-BA76-3C17CBED395D}.Debug|x86.ActiveCfg = Debug|x86
		{50C3CEFC-C060-4A64-BA76-3C17CBED395D}.Debug|x86.Build.0 = Debug|x86
		{50C3CEFC-C060-4A64-BA76-3C17CBED395D}.Debug|x86.Deploy.0 = Debug|x86
		{50C3CEFC-C060-4A64-BA76-3C17CBED395D}.Release|Any CPU.ActiveCfg = Release|x64
		{50C3CEFC-C060-4A64-BA76-3C17CBED395D}.Release|Any CPU.Build.0 = Release|x64
		{50C3CEFC-C060-4A64-BA76-3C17CBED395D}.Release|Any CPU.Deploy.0 = Release|x64
		{50C3CEFC-C060-4A64-BA76-3C17CBED395D}.Release|ARM64.ActiveCfg = Release|ARM64
		{50C3CEFC-C060-4A64-BA76-3C17CBED395D}.Release|ARM64.Build.0 = Release|ARM64
		{50C3CEFC-C060-4A64-BA76-3C17CBED395D}.Release|ARM64.Deploy.0 = Release|ARM64
		{50C3CEFC-C060-4A64-BA76-3C17CBED395D}.Release|x64.ActiveCfg = Release|x64
		{50C3CEFC-C060-4A64-BA76-3C17CBED395D}.Release|x64.Build.0 = Release|x64
		{50C3CEFC-C060-4A64-BA76-3C17CBED395D}.Release|x64.Deploy.0 = Release|x64
		{50C3CEFC-C060-4A64-BA76-3C17CBED395D}.Release|x86.ActiveCfg = Release|x86
		{50C3CEFC-C060-4A64-BA76-3C17CBED395D}.Release|x86.Build.0 = Release|x86
		{50C3CEFC-C060-4A64-BA76-3C17CBED395D}.Release|x86.Deploy.0 = Release|x86
		{9AC8FC6B-55AD-40B3-BB08-A3C913D09BB0}.Debug|Any CPU.ActiveCfg = Debug|x64
		{9AC8FC6B-55AD-40B3-BB08-A3C913D09BB0}.Debug|Any CPU.Build.0 = Debug|x64
		{9AC8FC6B-55AD-40B3-BB08-A3C913D09BB0}.Debug|ARM64.ActiveCfg = Debug|ARM64
		{9AC8FC6B-55AD-40B3-BB08-A3C913D09BB0}.Debug|ARM64.Build.0 = Debug|ARM64
		{9AC8FC6B-55AD-40B3-BB08-A3C913D09BB0}.Debug|x64.ActiveCfg = Debug|x64
		{9AC8FC6B-55AD-40B3-BB08-A3C913D09BB0}.Debug|x64.Build.0 = Debug|x64
		{9AC8FC6B-55AD-40B3-BB08-A3C913D09BB0}.Debug|x86.ActiveCfg = Debug|x86
		{9AC8FC6B-55AD-40B3-BB08-A3C913D09BB0}.Debug|x86.Build.0 = Debug|x86
		{9AC8FC6B-55AD-40B3-BB08-A3C913D09BB0}.Release|Any CPU.ActiveCfg = Release|x64
		{9AC8FC6B-55AD-40B3-BB08-A3C913D09BB0}.Release|Any CPU.Build.0 = Release|x64
		{9AC8FC6B-55AD-40B3-BB08-A3C913D09BB0}.Release|ARM64.ActiveCfg = Release|ARM64
		{9AC8FC6B-55AD-40B3-BB08-A3C913D09BB0}.Release|ARM64.Build.0 = Release|ARM64
		{9AC8FC6B-55AD-40B3-BB08-A3C913D09BB0}.Release|x64.ActiveCfg = Release|x64
		{9AC8FC6B-55AD-40B3-BB08-A3C913D09BB0}.Release|x64.Build.0 = Release|x64
		{9AC8FC6B-55AD-40B3-BB08-A3C913D09BB0}.Release|x86.ActiveCfg = Release|x86
		{9AC8FC6B-55AD-40B3-BB08-A3C913D09BB0}.Release|x86.Build.0 = Release|x86
		{9758D335-1A5F-447F-9486-CF1FEBE20AB9}.Debug|Any CPU.ActiveCfg = Debug|Any CPU
		{9758D335-1A5F-447F-9486-CF1FEBE20AB9}.Debug|Any CPU.Build.0 = Debug|Any CPU
		{9758D335-1A5F-447F-9486-CF1FEBE20AB9}.Debug|ARM64.ActiveCfg = Debug|Any CPU
		{9758D335-1A5F-447F-9486-CF1FEBE20AB9}.Debug|ARM64.Build.0 = Debug|Any CPU
		{9758D335-1A5F-447F-9486-CF1FEBE20AB9}.Debug|x64.ActiveCfg = Debug|Any CPU
		{9758D335-1A5F-447F-9486-CF1FEBE20AB9}.Debug|x64.Build.0 = Debug|Any CPU
		{9758D335-1A5F-447F-9486-CF1FEBE20AB9}.Debug|x86.ActiveCfg = Debug|Any CPU
		{9758D335-1A5F-447F-9486-CF1FEBE20AB9}.Debug|x86.Build.0 = Debug|Any CPU
		{9758D335-1A5F-447F-9486-CF1FEBE20AB9}.Release|Any CPU.ActiveCfg = Release|Any CPU
		{9758D335-1A5F-447F-9486-CF1FEBE20AB9}.Release|Any CPU.Build.0 = Release|Any CPU
		{9758D335-1A5F-447F-9486-CF1FEBE20AB9}.Release|ARM64.ActiveCfg = Release|Any CPU
		{9758D335-1A5F-447F-9486-CF1FEBE20AB9}.Release|ARM64.Build.0 = Release|Any CPU
		{9758D335-1A5F-447F-9486-CF1FEBE20AB9}.Release|x64.ActiveCfg = Release|Any CPU
		{9758D335-1A5F-447F-9486-CF1FEBE20AB9}.Release|x64.Build.0 = Release|Any CPU
		{9758D335-1A5F-447F-9486-CF1FEBE20AB9}.Release|x86.ActiveCfg = Release|Any CPU
		{9758D335-1A5F-447F-9486-CF1FEBE20AB9}.Release|x86.Build.0 = Release|Any CPU
		{020ADC2C-01B4-42E6-9332-72190B7E7BC8}.Debug|Any CPU.ActiveCfg = Debug|Any CPU
		{020ADC2C-01B4-42E6-9332-72190B7E7BC8}.Debug|Any CPU.Build.0 = Debug|Any CPU
		{020ADC2C-01B4-42E6-9332-72190B7E7BC8}.Debug|ARM64.ActiveCfg = Debug|Any CPU
		{020ADC2C-01B4-42E6-9332-72190B7E7BC8}.Debug|ARM64.Build.0 = Debug|Any CPU
		{020ADC2C-01B4-42E6-9332-72190B7E7BC8}.Debug|x64.ActiveCfg = Debug|Any CPU
		{020ADC2C-01B4-42E6-9332-72190B7E7BC8}.Debug|x64.Build.0 = Debug|Any CPU
		{020ADC2C-01B4-42E6-9332-72190B7E7BC8}.Debug|x86.ActiveCfg = Debug|Any CPU
		{020ADC2C-01B4-42E6-9332-72190B7E7BC8}.Debug|x86.Build.0 = Debug|Any CPU
		{020ADC2C-01B4-42E6-9332-72190B7E7BC8}.Release|Any CPU.ActiveCfg = Release|Any CPU
		{020ADC2C-01B4-42E6-9332-72190B7E7BC8}.Release|Any CPU.Build.0 = Release|Any CPU
		{020ADC2C-01B4-42E6-9332-72190B7E7BC8}.Release|ARM64.ActiveCfg = Release|Any CPU
		{020ADC2C-01B4-42E6-9332-72190B7E7BC8}.Release|ARM64.Build.0 = Release|Any CPU
		{020ADC2C-01B4-42E6-9332-72190B7E7BC8}.Release|x64.ActiveCfg = Release|Any CPU
		{020ADC2C-01B4-42E6-9332-72190B7E7BC8}.Release|x64.Build.0 = Release|Any CPU
		{020ADC2C-01B4-42E6-9332-72190B7E7BC8}.Release|x86.ActiveCfg = Release|Any CPU
		{020ADC2C-01B4-42E6-9332-72190B7E7BC8}.Release|x86.Build.0 = Release|Any CPU
		{45319792-B6A0-4986-9804-1AAC1D71EB9C}.Debug|Any CPU.ActiveCfg = Debug|Any CPU
		{45319792-B6A0-4986-9804-1AAC1D71EB9C}.Debug|Any CPU.Build.0 = Debug|Any CPU
		{45319792-B6A0-4986-9804-1AAC1D71EB9C}.Debug|ARM64.ActiveCfg = Debug|Any CPU
		{45319792-B6A0-4986-9804-1AAC1D71EB9C}.Debug|ARM64.Build.0 = Debug|Any CPU
		{45319792-B6A0-4986-9804-1AAC1D71EB9C}.Debug|x64.ActiveCfg = Debug|Any CPU
		{45319792-B6A0-4986-9804-1AAC1D71EB9C}.Debug|x64.Build.0 = Debug|Any CPU
		{45319792-B6A0-4986-9804-1AAC1D71EB9C}.Debug|x86.ActiveCfg = Debug|Any CPU
		{45319792-B6A0-4986-9804-1AAC1D71EB9C}.Debug|x86.Build.0 = Debug|Any CPU
		{45319792-B6A0-4986-9804-1AAC1D71EB9C}.Release|Any CPU.ActiveCfg = Release|Any CPU
		{45319792-B6A0-4986-9804-1AAC1D71EB9C}.Release|Any CPU.Build.0 = Release|Any CPU
		{45319792-B6A0-4986-9804-1AAC1D71EB9C}.Release|ARM64.ActiveCfg = Release|Any CPU
		{45319792-B6A0-4986-9804-1AAC1D71EB9C}.Release|ARM64.Build.0 = Release|Any CPU
		{45319792-B6A0-4986-9804-1AAC1D71EB9C}.Release|x64.ActiveCfg = Release|Any CPU
		{45319792-B6A0-4986-9804-1AAC1D71EB9C}.Release|x64.Build.0 = Release|Any CPU
		{45319792-B6A0-4986-9804-1AAC1D71EB9C}.Release|x86.ActiveCfg = Release|Any CPU
		{45319792-B6A0-4986-9804-1AAC1D71EB9C}.Release|x86.Build.0 = Release|Any CPU
		{1A6EDFA6-1D4B-43DA-9884-09C3EA859D5C}.Debug|Any CPU.ActiveCfg = Debug|Any CPU
		{1A6EDFA6-1D4B-43DA-9884-09C3EA859D5C}.Debug|Any CPU.Build.0 = Debug|Any CPU
		{1A6EDFA6-1D4B-43DA-9884-09C3EA859D5C}.Debug|ARM64.ActiveCfg = Debug|Any CPU
		{1A6EDFA6-1D4B-43DA-9884-09C3EA859D5C}.Debug|ARM64.Build.0 = Debug|Any CPU
		{1A6EDFA6-1D4B-43DA-9884-09C3EA859D5C}.Debug|x64.ActiveCfg = Debug|Any CPU
		{1A6EDFA6-1D4B-43DA-9884-09C3EA859D5C}.Debug|x64.Build.0 = Debug|Any CPU
		{1A6EDFA6-1D4B-43DA-9884-09C3EA859D5C}.Debug|x86.ActiveCfg = Debug|Any CPU
		{1A6EDFA6-1D4B-43DA-9884-09C3EA859D5C}.Debug|x86.Build.0 = Debug|Any CPU
		{1A6EDFA6-1D4B-43DA-9884-09C3EA859D5C}.Release|Any CPU.ActiveCfg = Release|Any CPU
		{1A6EDFA6-1D4B-43DA-9884-09C3EA859D5C}.Release|Any CPU.Build.0 = Release|Any CPU
		{1A6EDFA6-1D4B-43DA-9884-09C3EA859D5C}.Release|ARM64.ActiveCfg = Release|Any CPU
		{1A6EDFA6-1D4B-43DA-9884-09C3EA859D5C}.Release|ARM64.Build.0 = Release|Any CPU
		{1A6EDFA6-1D4B-43DA-9884-09C3EA859D5C}.Release|x64.ActiveCfg = Release|Any CPU
		{1A6EDFA6-1D4B-43DA-9884-09C3EA859D5C}.Release|x64.Build.0 = Release|Any CPU
		{1A6EDFA6-1D4B-43DA-9884-09C3EA859D5C}.Release|x86.ActiveCfg = Release|Any CPU
		{1A6EDFA6-1D4B-43DA-9884-09C3EA859D5C}.Release|x86.Build.0 = Release|Any CPU
		{7C4FD036-2209-4DDD-9BCD-03729D26E838}.Debug|Any CPU.ActiveCfg = Debug|Any CPU
		{7C4FD036-2209-4DDD-9BCD-03729D26E838}.Debug|Any CPU.Build.0 = Debug|Any CPU
		{7C4FD036-2209-4DDD-9BCD-03729D26E838}.Debug|ARM64.ActiveCfg = Debug|Any CPU
		{7C4FD036-2209-4DDD-9BCD-03729D26E838}.Debug|ARM64.Build.0 = Debug|Any CPU
		{7C4FD036-2209-4DDD-9BCD-03729D26E838}.Debug|x64.ActiveCfg = Debug|Any CPU
		{7C4FD036-2209-4DDD-9BCD-03729D26E838}.Debug|x64.Build.0 = Debug|Any CPU
		{7C4FD036-2209-4DDD-9BCD-03729D26E838}.Debug|x86.ActiveCfg = Debug|Any CPU
		{7C4FD036-2209-4DDD-9BCD-03729D26E838}.Debug|x86.Build.0 = Debug|Any CPU
		{7C4FD036-2209-4DDD-9BCD-03729D26E838}.Release|Any CPU.ActiveCfg = Release|Any CPU
		{7C4FD036-2209-4DDD-9BCD-03729D26E838}.Release|Any CPU.Build.0 = Release|Any CPU
		{7C4FD036-2209-4DDD-9BCD-03729D26E838}.Release|ARM64.ActiveCfg = Release|Any CPU
		{7C4FD036-2209-4DDD-9BCD-03729D26E838}.Release|ARM64.Build.0 = Release|Any CPU
		{7C4FD036-2209-4DDD-9BCD-03729D26E838}.Release|x64.ActiveCfg = Release|Any CPU
		{7C4FD036-2209-4DDD-9BCD-03729D26E838}.Release|x64.Build.0 = Release|Any CPU
		{7C4FD036-2209-4DDD-9BCD-03729D26E838}.Release|x86.ActiveCfg = Release|Any CPU
		{7C4FD036-2209-4DDD-9BCD-03729D26E838}.Release|x86.Build.0 = Release|Any CPU
		{76CCC175-3A81-4286-B204-FB1D9DC033FF}.Debug|Any CPU.ActiveCfg = Debug|Any CPU
		{76CCC175-3A81-4286-B204-FB1D9DC033FF}.Debug|Any CPU.Build.0 = Debug|Any CPU
		{76CCC175-3A81-4286-B204-FB1D9DC033FF}.Debug|ARM64.ActiveCfg = Debug|Any CPU
		{76CCC175-3A81-4286-B204-FB1D9DC033FF}.Debug|ARM64.Build.0 = Debug|Any CPU
		{76CCC175-3A81-4286-B204-FB1D9DC033FF}.Debug|x64.ActiveCfg = Debug|Any CPU
		{76CCC175-3A81-4286-B204-FB1D9DC033FF}.Debug|x64.Build.0 = Debug|Any CPU
		{76CCC175-3A81-4286-B204-FB1D9DC033FF}.Debug|x86.ActiveCfg = Debug|Any CPU
		{76CCC175-3A81-4286-B204-FB1D9DC033FF}.Debug|x86.Build.0 = Debug|Any CPU
		{76CCC175-3A81-4286-B204-FB1D9DC033FF}.Release|Any CPU.ActiveCfg = Release|Any CPU
		{76CCC175-3A81-4286-B204-FB1D9DC033FF}.Release|Any CPU.Build.0 = Release|Any CPU
		{76CCC175-3A81-4286-B204-FB1D9DC033FF}.Release|ARM64.ActiveCfg = Release|Any CPU
		{76CCC175-3A81-4286-B204-FB1D9DC033FF}.Release|ARM64.Build.0 = Release|Any CPU
		{76CCC175-3A81-4286-B204-FB1D9DC033FF}.Release|x64.ActiveCfg = Release|Any CPU
		{76CCC175-3A81-4286-B204-FB1D9DC033FF}.Release|x64.Build.0 = Release|Any CPU
		{76CCC175-3A81-4286-B204-FB1D9DC033FF}.Release|x86.ActiveCfg = Release|Any CPU
		{76CCC175-3A81-4286-B204-FB1D9DC033FF}.Release|x86.Build.0 = Release|Any CPU
		{BFD4DF86-6E05-4D0C-B91B-96142D5B9F3E}.Debug|Any CPU.ActiveCfg = Debug|Any CPU
		{BFD4DF86-6E05-4D0C-B91B-96142D5B9F3E}.Debug|Any CPU.Build.0 = Debug|Any CPU
		{BFD4DF86-6E05-4D0C-B91B-96142D5B9F3E}.Debug|ARM64.ActiveCfg = Debug|Any CPU
		{BFD4DF86-6E05-4D0C-B91B-96142D5B9F3E}.Debug|ARM64.Build.0 = Debug|Any CPU
		{BFD4DF86-6E05-4D0C-B91B-96142D5B9F3E}.Debug|x64.ActiveCfg = Debug|Any CPU
		{BFD4DF86-6E05-4D0C-B91B-96142D5B9F3E}.Debug|x64.Build.0 = Debug|Any CPU
		{BFD4DF86-6E05-4D0C-B91B-96142D5B9F3E}.Debug|x86.ActiveCfg = Debug|Any CPU
		{BFD4DF86-6E05-4D0C-B91B-96142D5B9F3E}.Debug|x86.Build.0 = Debug|Any CPU
		{BFD4DF86-6E05-4D0C-B91B-96142D5B9F3E}.Release|Any CPU.ActiveCfg = Release|Any CPU
		{BFD4DF86-6E05-4D0C-B91B-96142D5B9F3E}.Release|Any CPU.Build.0 = Release|Any CPU
		{BFD4DF86-6E05-4D0C-B91B-96142D5B9F3E}.Release|ARM64.ActiveCfg = Release|Any CPU
		{BFD4DF86-6E05-4D0C-B91B-96142D5B9F3E}.Release|ARM64.Build.0 = Release|Any CPU
		{BFD4DF86-6E05-4D0C-B91B-96142D5B9F3E}.Release|x64.ActiveCfg = Release|Any CPU
		{BFD4DF86-6E05-4D0C-B91B-96142D5B9F3E}.Release|x64.Build.0 = Release|Any CPU
		{BFD4DF86-6E05-4D0C-B91B-96142D5B9F3E}.Release|x86.ActiveCfg = Release|Any CPU
		{BFD4DF86-6E05-4D0C-B91B-96142D5B9F3E}.Release|x86.Build.0 = Release|Any CPU
	EndGlobalSection
	GlobalSection(SolutionProperties) = preSolution
		HideSolutionNode = FALSE
	EndGlobalSection
	GlobalSection(ExtensibilityGlobals) = postSolution
		SolutionGuid = {8A265F65-855E-464B-B91E-3BDBB356E8F2}
	EndGlobalSection
EndGlobal
